
Microsoft Visual Studio Solution File, Format Version 12.00
# Visual Studio Version 16
VisualStudioVersion = 16.0.31515.178
MinimumVisualStudioVersion = 10.0.40219.1
Project("{FAE04EC0-301F-11D3-BF4B-00C04F79EFBC}") = "Profile", "Profile\Profile.csproj", "{B9EB68D9-C878-4682-9848-DD1FA91D5215}"
EndProject
Global
	GlobalSection(SolutionConfigurationPlatforms) = preSolution
		Debug|Any CPU = Debug|Any CPU
		Release|Any CPU = Release|Any CPU
	EndGlobalSection
	GlobalSection(ProjectConfigurationPlatforms) = postSolution
		{B9EB68D9-C878-4682-9848-DD1FA91D5215}.Debug|Any CPU.ActiveCfg = Debug|Any CPU
		{B9EB68D9-C878-4682-9848-DD1FA91D5215}.Debug|Any CPU.Build.0 = Debug|Any CPU
		{B9EB68D9-C878-4682-9848-DD1FA91D5215}.Release|Any CPU.ActiveCfg = Release|Any CPU
		{B9EB68D9-C878-4682-9848-DD1FA91D5215}.Release|Any CPU.Build.0 = Release|Any CPU
	EndGlobalSection
	GlobalSection(SolutionProperties) = preSolution
		HideSolutionNode = FALSE
	EndGlobalSection
	GlobalSection(ExtensibilityGlobals) = postSolution
		SolutionGuid = {A27A006E-F8F6-4CE6-877C-91F71B3625FF}
	EndGlobalSection
EndGlobal
